// !$*UTF8*$!
{
	archiveVersion = 1;
	classes = {
	};
	objectVersion = 55;
	objects = {

/* Begin PBXBuildFile section */
		47AFAA58278D95E500605CC9 /* HoneymoonApp.swift in Sources */ = {isa = PBXBuildFile; fileRef = 47AFAA57278D95E500605CC9 /* HoneymoonApp.swift */; };
		47AFAA5F278D95E600605CC9 /* Preview Assets.xcassets in Resources */ = {isa = PBXBuildFile; fileRef = 47AFAA5E278D95E600605CC9 /* Preview Assets.xcassets */; };
		47AFAA66278D967F00605CC9 /* Assets.xcassets in Resources */ = {isa = PBXBuildFile; fileRef = 47AFAA65278D967F00605CC9 /* Assets.xcassets */; };
		47AFAA6A278D96A700605CC9 /* sound-rise.mp3 in Resources */ = {isa = PBXBuildFile; fileRef = 47AFAA68278D96A700605CC9 /* sound-rise.mp3 */; };
		47AFAA6B278D96A700605CC9 /* sound-click.mp3 in Resources */ = {isa = PBXBuildFile; fileRef = 47AFAA69278D96A700605CC9 /* sound-click.mp3 */; };
		47AFAA6E278D96C000605CC9 /* HoneymoonModel.swift in Sources */ = {isa = PBXBuildFile; fileRef = 47AFAA6D278D96C000605CC9 /* HoneymoonModel.swift */; };
		47AFAA71278D96CF00605CC9 /* HoneymoonData.swift in Sources */ = {isa = PBXBuildFile; fileRef = 47AFAA70278D96CF00605CC9 /* HoneymoonData.swift */; };
		47AFAA75278D970300605CC9 /* GuideComponent.swift in Sources */ = {isa = PBXBuildFile; fileRef = 47AFAA73278D970300605CC9 /* GuideComponent.swift */; };
		47AFAA76278D970300605CC9 /* HeaderComponent.swift in Sources */ = {isa = PBXBuildFile; fileRef = 47AFAA74278D970300605CC9 /* HeaderComponent.swift */; };
		47AFAA7A278D972E00605CC9 /* TitleModifier.swift in Sources */ = {isa = PBXBuildFile; fileRef = 47AFAA78278D972E00605CC9 /* TitleModifier.swift */; };
		47AFAA7B278D972E00605CC9 /* ButtonModifier.swift in Sources */ = {isa = PBXBuildFile; fileRef = 47AFAA79278D972E00605CC9 /* ButtonModifier.swift */; };
		47AFAA83278D976A00605CC9 /* FooterView.swift in Sources */ = {isa = PBXBuildFile; fileRef = 47AFAA7D278D976A00605CC9 /* FooterView.swift */; };
		47AFAA84278D976A00605CC9 /* CardView.swift in Sources */ = {isa = PBXBuildFile; fileRef = 47AFAA7E278D976A00605CC9 /* CardView.swift */; };
		47AFAA85278D976A00605CC9 /* InfoView.swift in Sources */ = {isa = PBXBuildFile; fileRef = 47AFAA7F278D976A00605CC9 /* InfoView.swift */; };
		47AFAA86278D976A00605CC9 /* HeaderView.swift in Sources */ = {isa = PBXBuildFile; fileRef = 47AFAA80278D976A00605CC9 /* HeaderView.swift */; };
		47AFAA87278D976A00605CC9 /* ContentView.swift in Sources */ = {isa = PBXBuildFile; fileRef = 47AFAA81278D976A00605CC9 /* ContentView.swift */; };
		47AFAA88278D976A00605CC9 /* GuideView.swift in Sources */ = {isa = PBXBuildFile; fileRef = 47AFAA82278D976A00605CC9 /* GuideView.swift */; };
		47AFAA8C278D982D00605CC9 /* LaunchScreen.storyboard in Resources */ = {isa = PBXBuildFile; fileRef = 47AFAA8B278D982D00605CC9 /* LaunchScreen.storyboard */; };
/* End PBXBuildFile section */

/* Begin PBXFileReference section */
		47AFAA54278D95E500605CC9 /* Honeymoon.app */ = {isa = PBXFileReference; explicitFileType = wrapper.application; includeInIndex = 0; path = Honeymoon.app; sourceTree = BUILT_PRODUCTS_DIR; };
		47AFAA57278D95E500605CC9 /* HoneymoonApp.swift */ = {isa = PBXFileReference; lastKnownFileType = sourcecode.swift; path = HoneymoonApp.swift; sourceTree = "<group>"; };
		47AFAA5E278D95E600605CC9 /* Preview Assets.xcassets */ = {isa = PBXFileReference; lastKnownFileType = folder.assetcatalog; path = "Preview Assets.xcassets"; sourceTree = "<group>"; };
		47AFAA65278D967F00605CC9 /* Assets.xcassets */ = {isa = PBXFileReference; lastKnownFileType = folder.assetcatalog; name = Assets.xcassets; path = ../../../../../Documents/Honeymoon/Honeymoon/Assets.xcassets; sourceTree = "<group>"; };
		47AFAA68278D96A700605CC9 /* sound-rise.mp3 */ = {isa = PBXFileReference; lastKnownFileType = audio.mp3; path = "sound-rise.mp3"; sourceTree = "<group>"; };
		47AFAA69278D96A700605CC9 /* sound-click.mp3 */ = {isa = PBXFileReference; lastKnownFileType = audio.mp3; path = "sound-click.mp3"; sourceTree = "<group>"; };
		47AFAA6D278D96C000605CC9 /* HoneymoonModel.swift */ = {isa = PBXFileReference; fileEncoding = 4; lastKnownFileType = sourcecode.swift; path = HoneymoonModel.swift; sourceTree = "<group>"; };
		47AFAA70278D96CF00605CC9 /* HoneymoonData.swift */ = {isa = PBXFileReference; fileEncoding = 4; lastKnownFileType = sourcecode.swift; path = HoneymoonData.swift; sourceTree = "<group>"; };
		47AFAA73278D970300605CC9 /* GuideComponent.swift */ = {isa = PBXFileReference; fileEncoding = 4; lastKnownFileType = sourcecode.swift; path = GuideComponent.swift; sourceTree = "<group>"; };
		47AFAA74278D970300605CC9 /* HeaderComponent.swift */ = {isa = PBXFileReference; fileEncoding = 4; lastKnownFileType = sourcecode.swift; path = HeaderComponent.swift; sourceTree = "<group>"; };
		47AFAA78278D972E00605CC9 /* TitleModifier.swift */ = {isa = PBXFileReference; fileEncoding = 4; lastKnownFileType = sourcecode.swift; path = TitleModifier.swift; sourceTree = "<group>"; };
		47AFAA79278D972E00605CC9 /* ButtonModifier.swift */ = {isa = PBXFileReference; fileEncoding = 4; lastKnownFileType = sourcecode.swift; path = ButtonModifier.swift; sourceTree = "<group>"; };
		47AFAA7D278D976A00605CC9 /* FooterView.swift */ = {isa = PBXFileReference; fileEncoding = 4; lastKnownFileType = sourcecode.swift; path = FooterView.swift; sourceTree = "<group>"; };
		47AFAA7E278D976A00605CC9 /* CardView.swift */ = {isa = PBXFileReference; fileEncoding = 4; lastKnownFileType = sourcecode.swift; path = CardView.swift; sourceTree = "<group>"; };
		47AFAA7F278D976A00605CC9 /* InfoView.swift */ = {isa = PBXFileReference; fileEncoding = 4; lastKnownFileType = sourcecode.swift; path = InfoView.swift; sourceTree = "<group>"; };
		47AFAA80278D976A00605CC9 /* HeaderView.swift */ = {isa = PBXFileReference; fileEncoding = 4; lastKnownFileType = sourcecode.swift; path = HeaderView.swift; sourceTree = "<group>"; };
		47AFAA81278D976A00605CC9 /* ContentView.swift */ = {isa = PBXFileReference; fileEncoding = 4; lastKnownFileType = sourcecode.swift; path = ContentView.swift; sourceTree = "<group>"; };
		47AFAA82278D976A00605CC9 /* GuideView.swift */ = {isa = PBXFileReference; fileEncoding = 4; lastKnownFileType = sourcecode.swift; path = GuideView.swift; sourceTree = "<group>"; };
		47AFAA8B278D982D00605CC9 /* LaunchScreen.storyboard */ = {isa = PBXFileReference; fileEncoding = 4; lastKnownFileType = file.storyboard; path = LaunchScreen.storyboard; sourceTree = "<group>"; };
/* End PBXFileReference section */

/* Begin PBXFrameworksBuildPhase section */
		47AFAA51278D95E500605CC9 /* Frameworks */ = {
			isa = PBXFrameworksBuildPhase;
			buildActionMask = 2147483647;
			files = (
			);
			runOnlyForDeploymentPostprocessing = 0;
		};
/* End PBXFrameworksBuildPhase section */

/* Begin PBXGroup section */
		47AFAA4B278D95E500605CC9 = {
			isa = PBXGroup;
			children = (
				47AFAA56278D95E500605CC9 /* Honeymoon */,
				47AFAA8B278D982D00605CC9 /* LaunchScreen.storyboard */,
				47AFAA55278D95E500605CC9 /* Products */,
			);
			sourceTree = "<group>";
		};
		47AFAA55278D95E500605CC9 /* Products */ = {
			isa = PBXGroup;
			children = (
				47AFAA54278D95E500605CC9 /* Honeymoon.app */,
			);
			name = Products;
			sourceTree = "<group>";
		};
		47AFAA56278D95E500605CC9 /* Honeymoon */ = {
			isa = PBXGroup;
			children = (
				47AFAA57278D95E500605CC9 /* HoneymoonApp.swift */,
				47AFAA7C278D976A00605CC9 /* View */,
				47AFAA77278D972E00605CC9 /* Modifier */,
				47AFAA72278D970300605CC9 /* Component */,
				47AFAA6F278D96CF00605CC9 /* Data */,
				47AFAA6C278D96C000605CC9 /* Model */,
				47AFAA67278D96A700605CC9 /* Sounds */,
				47AFAA65278D967F00605CC9 /* Assets.xcassets */,
				47AFAA5D278D95E600605CC9 /* Preview Content */,
			);
			path = Honeymoon;
			sourceTree = "<group>";
		};
		47AFAA5D278D95E600605CC9 /* Preview Content */ = {
			isa = PBXGroup;
			children = (
				47AFAA5E278D95E600605CC9 /* Preview Assets.xcassets */,
			);
			path = "Preview Content";
			sourceTree = "<group>";
		};
		47AFAA67278D96A700605CC9 /* Sounds */ = {
			isa = PBXGroup;
			children = (
				47AFAA68278D96A700605CC9 /* sound-rise.mp3 */,
				47AFAA69278D96A700605CC9 /* sound-click.mp3 */,
			);
			path = Sounds;
			sourceTree = "<group>";
		};
		47AFAA6C278D96C000605CC9 /* Model */ = {
			isa = PBXGroup;
			children = (
				47AFAA6D278D96C000605CC9 /* HoneymoonModel.swift */,
			);
			path = Model;
			sourceTree = "<group>";
		};
		47AFAA6F278D96CF00605CC9 /* Data */ = {
			isa = PBXGroup;
			children = (
				47AFAA70278D96CF00605CC9 /* HoneymoonData.swift */,
			);
			path = Data;
			sourceTree = "<group>";
		};
		47AFAA72278D970300605CC9 /* Component */ = {
			isa = PBXGroup;
			children = (
				47AFAA73278D970300605CC9 /* GuideComponent.swift */,
				47AFAA74278D970300605CC9 /* HeaderComponent.swift */,
			);
			path = Component;
			sourceTree = "<group>";
		};
		47AFAA77278D972E00605CC9 /* Modifier */ = {
			isa = PBXGroup;
			children = (
				47AFAA78278D972E00605CC9 /* TitleModifier.swift */,
				47AFAA79278D972E00605CC9 /* ButtonModifier.swift */,
			);
			path = Modifier;
			sourceTree = "<group>";
		};
		47AFAA7C278D976A00605CC9 /* View */ = {
			isa = PBXGroup;
			children = (
				47AFAA7D278D976A00605CC9 /* FooterView.swift */,
				47AFAA7E278D976A00605CC9 /* CardView.swift */,
				47AFAA7F278D976A00605CC9 /* InfoView.swift */,
				47AFAA80278D976A00605CC9 /* HeaderView.swift */,
				47AFAA81278D976A00605CC9 /* ContentView.swift */,
				47AFAA82278D976A00605CC9 /* GuideView.swift */,
			);
			path = View;
			sourceTree = "<group>";
		};
/* End PBXGroup section */

/* Begin PBXNativeTarget section */
		47AFAA53278D95E500605CC9 /* Honeymoon */ = {
			isa = PBXNativeTarget;
			buildConfigurationList = 47AFAA62278D95E600605CC9 /* Build configuration list for PBXNativeTarget "Honeymoon" */;
			buildPhases = (
				47AFAA50278D95E500605CC9 /* Sources */,
				47AFAA51278D95E500605CC9 /* Frameworks */,
				47AFAA52278D95E500605CC9 /* Resources */,
			);
			buildRules = (
			);
			dependencies = (
			);
			name = Honeymoon;
			productName = Honeymoon;
			productReference = 47AFAA54278D95E500605CC9 /* Honeymoon.app */;
			productType = "com.apple.product-type.application";
		};
/* End PBXNativeTarget section */

/* Begin PBXProject section */
		47AFAA4C278D95E500605CC9 /* Project object */ = {
			isa = PBXProject;
			attributes = {
				BuildIndependentTargetsInParallel = 1;
				LastSwiftUpdateCheck = 1320;
				LastUpgradeCheck = 1320;
				TargetAttributes = {
					47AFAA53278D95E500605CC9 = {
						CreatedOnToolsVersion = 13.2.1;
					};
				};
			};
			buildConfigurationList = 47AFAA4F278D95E500605CC9 /* Build configuration list for PBXProject "Honeymoon" */;
			compatibilityVersion = "Xcode 13.0";
			developmentRegion = en;
			hasScannedForEncodings = 0;
			knownRegions = (
				en,
				Base,
			);
			mainGroup = 47AFAA4B278D95E500605CC9;
			productRefGroup = 47AFAA55278D95E500605CC9 /* Products */;
			projectDirPath = "";
			projectRoot = "";
			targets = (
				47AFAA53278D95E500605CC9 /* Honeymoon */,
			);
		};
/* End PBXProject section */

/* Begin PBXResourcesBuildPhase section */
		47AFAA52278D95E500605CC9 /* Resources */ = {
			isa = PBXResourcesBuildPhase;
			buildActionMask = 2147483647;
			files = (
				47AFAA6A278D96A700605CC9 /* sound-rise.mp3 in Resources */,
				47AFAA6B278D96A700605CC9 /* sound-click.mp3 in Resources */,
				47AFAA5F278D95E600605CC9 /* Preview Assets.xcassets in Resources */,
				47AFAA8C278D982D00605CC9 /* LaunchScreen.storyboard in Resources */,
				47AFAA66278D967F00605CC9 /* Assets.xcassets in Resources */,
			);
			runOnlyForDeploymentPostprocessing = 0;
		};
/* End PBXResourcesBuildPhase section */

/* Begin PBXSourcesBuildPhase section */
		47AFAA50278D95E500605CC9 /* Sources */ = {
			isa = PBXSourcesBuildPhase;
			buildActionMask = 2147483647;
			files = (
				47AFAA7A278D972E00605CC9 /* TitleModifier.swift in Sources */,
				47AFAA85278D976A00605CC9 /* InfoView.swift in Sources */,
				47AFAA76278D970300605CC9 /* HeaderComponent.swift in Sources */,
				47AFAA7B278D972E00605CC9 /* ButtonModifier.swift in Sources */,
				47AFAA83278D976A00605CC9 /* FooterView.swift in Sources */,
				47AFAA84278D976A00605CC9 /* CardView.swift in Sources */,
				47AFAA71278D96CF00605CC9 /* HoneymoonData.swift in Sources */,
				47AFAA86278D976A00605CC9 /* HeaderView.swift in Sources */,
				47AFAA6E278D96C000605CC9 /* HoneymoonModel.swift in Sources */,
				47AFAA75278D970300605CC9 /* GuideComponent.swift in Sources */,
				47AFAA87278D976A00605CC9 /* ContentView.swift in Sources */,
				47AFAA88278D976A00605CC9 /* GuideView.swift in Sources */,
				47AFAA58278D95E500605CC9 /* HoneymoonApp.swift in Sources */,
			);
			runOnlyForDeploymentPostprocessing = 0;
		};
/* End PBXSourcesBuildPhase section */

/* Begin XCBuildConfiguration section */
		47AFAA60278D95E600605CC9 /* Debug */ = {
			isa = XCBuildConfiguration;
			buildSettings = {
				ALWAYS_SEARCH_USER_PATHS = NO;
				CLANG_ANALYZER_NONNULL = YES;
				CLANG_ANALYZER_NUMBER_OBJECT_CONVERSION = YES_AGGRESSIVE;
				CLANG_CXX_LANGUAGE_STANDARD = "gnu++17";
				CLANG_CXX_LIBRARY = "libc++";
				CLANG_ENABLE_MODULES = YES;
				CLANG_ENABLE_OBJC_ARC = YES;
				CLANG_ENABLE_OBJC_WEAK = YES;
				CLANG_WARN_BLOCK_CAPTURE_AUTORELEASING = YES;
				CLANG_WARN_BOOL_CONVERSION = YES;
				CLANG_WARN_COMMA = YES;
				CLANG_WARN_CONSTANT_CONVERSION = YES;
				CLANG_WARN_DEPRECATED_OBJC_IMPLEMENTATIONS = YES;
				CLANG_WARN_DIRECT_OBJC_ISA_USAGE = YES_ERROR;
				CLANG_WARN_DOCUMENTATION_COMMENTS = YES;
				CLANG_WARN_EMPTY_BODY = YES;
				CLANG_WARN_ENUM_CONVERSION = YES;
				CLANG_WARN_INFINITE_RECURSION = YES;
				CLANG_WARN_INT_CONVERSION = YES;
				CLANG_WARN_NON_LITERAL_NULL_CONVERSION = YES;
				CLANG_WARN_OBJC_IMPLICIT_RETAIN_SELF = YES;
				CLANG_WARN_OBJC_LITERAL_CONVERSION = YES;
				CLANG_WARN_OBJC_ROOT_CLASS = YES_ERROR;
				CLANG_WARN_QUOTED_INCLUDE_IN_FRAMEWORK_HEADER = YES;
				CLANG_WARN_RANGE_LOOP_ANALYSIS = YES;
				CLANG_WARN_STRICT_PROTOTYPES = YES;
				CLANG_WARN_SUSPICIOUS_MOVE = YES;
				CLANG_WARN_UNGUARDED_AVAILABILITY = YES_AGGRESSIVE;
				CLANG_WARN_UNREACHABLE_CODE = YES;
				CLANG_WARN__DUPLICATE_METHOD_MATCH = YES;
				COPY_PHASE_STRIP = NO;
				DEBUG_INFORMATION_FORMAT = dwarf;
				ENABLE_STRICT_OBJC_MSGSEND = YES;
				ENABLE_TESTABILITY = YES;
				GCC_C_LANGUAGE_STANDARD = gnu11;
				GCC_DYNAMIC_NO_PIC = NO;
				GCC_NO_COMMON_BLOCKS = YES;
				GCC_OPTIMIZATION_LEVEL = 0;
				GCC_PREPROCESSOR_DEFINITIONS = (
					"DEBUG=1",
					"$(inherited)",
				);
				GCC_WARN_64_TO_32_BIT_CONVERSION = YES;
				GCC_WARN_ABOUT_RETURN_TYPE = YES_ERROR;
				GCC_WARN_UNDECLARED_SELECTOR = YES;
				GCC_WARN_UNINITIALIZED_AUTOS = YES_AGGRESSIVE;
				GCC_WARN_UNUSED_FUNCTION = YES;
				GCC_WARN_UNUSED_VARIABLE = YES;
				IPHONEOS_DEPLOYMENT_TARGET = 15.2;
				MTL_ENABLE_DEBUG_INFO = INCLUDE_SOURCE;
				MTL_FAST_MATH = YES;
				ONLY_ACTIVE_ARCH = YES;
				SDKROOT = iphoneos;
				SWIFT_ACTIVE_COMPILATION_CONDITIONS = DEBUG;
				SWIFT_OPTIMIZATION_LEVEL = "-Onone";
			};
			name = Debug;
		};
		47AFAA61278D95E600605CC9 /* Release */ = {
			isa = XCBuildConfiguration;
			buildSettings = {
				ALWAYS_SEARCH_USER_PATHS = NO;
				CLANG_ANALYZER_NONNULL = YES;
				CLANG_ANALYZER_NUMBER_OBJECT_CONVERSION = YES_AGGRESSIVE;
				CLANG_CXX_LANGUAGE_STANDARD = "gnu++17";
				CLANG_CXX_LIBRARY = "libc++";
				CLANG_ENABLE_MODULES = YES;
				CLANG_ENABLE_OBJC_ARC = YES;
				CLANG_ENABLE_OBJC_WEAK = YES;
				CLANG_WARN_BLOCK_CAPTURE_AUTORELEASING = YES;
				CLANG_WARN_BOOL_CONVERSION = YES;
				CLANG_WARN_COMMA = YES;
				CLANG_WARN_CONSTANT_CONVERSION = YES;
				CLANG_WARN_DEPRECATED_OBJC_IMPLEMENTATIONS = YES;
				CLANG_WARN_DIRECT_OBJC_ISA_USAGE = YES_ERROR;
				CLANG_WARN_DOCUMENTATION_COMMENTS = YES;
				CLANG_WARN_EMPTY_BODY = YES;
				CLANG_WARN_ENUM_CONVERSION = YES;
				CLANG_WARN_INFINITE_RECURSION = YES;
				CLANG_WARN_INT_CONVERSION = YES;
				CLANG_WARN_NON_LITERAL_NULL_CONVERSION = YES;
				CLANG_WARN_OBJC_IMPLICIT_RETAIN_SELF = YES;
				CLANG_WARN_OBJC_LITERAL_CONVERSION = YES;
				CLANG_WARN_OBJC_ROOT_CLASS = YES_ERROR;
				CLANG_WARN_QUOTED_INCLUDE_IN_FRAMEWORK_HEADER = YES;
				CLANG_WARN_RANGE_LOOP_ANALYSIS = YES;
				CLANG_WARN_STRICT_PROTOTYPES = YES;
				CLANG_WARN_SUSPICIOUS_MOVE = YES;
				CLANG_WARN_UNGUARDED_AVAILABILITY = YES_AGGRESSIVE;
				CLANG_WARN_UNREACHABLE_CODE = YES;
				CLANG_WARN__DUPLICATE_METHOD_MATCH = YES;
				COPY_PHASE_STRIP = NO;
				DEBUG_INFORMATION_FORMAT = "dwarf-with-dsym";
				ENABLE_NS_ASSERTIONS = NO;
				ENABLE_STRICT_OBJC_MSGSEND = YES;
				GCC_C_LANGUAGE_STANDARD = gnu11;
				GCC_NO_COMMON_BLOCKS = YES;
				GCC_WARN_64_TO_32_BIT_CONVERSION = YES;
				GCC_WARN_ABOUT_RETURN_TYPE = YES_ERROR;
				GCC_WARN_UNDECLARED_SELECTOR = YES;
				GCC_WARN_UNINITIALIZED_AUTOS = YES_AGGRESSIVE;
				GCC_WARN_UNUSED_FUNCTION = YES;
				GCC_WARN_UNUSED_VARIABLE = YES;
				IPHONEOS_DEPLOYMENT_TARGET = 15.2;
				MTL_ENABLE_DEBUG_INFO = NO;
				MTL_FAST_MATH = YES;
				SDKROOT = iphoneos;
				SWIFT_COMPILATION_MODE = wholemodule;
				SWIFT_OPTIMIZATION_LEVEL = "-O";
				VALIDATE_PRODUCT = YES;
			};
			name = Release;
		};
		47AFAA63278D95E600605CC9 /* Debug */ = {
			isa = XCBuildConfiguration;
			buildSettings = {
				ASSETCATALOG_COMPILER_APPICON_NAME = AppIcon;
				ASSETCATALOG_COMPILER_GLOBAL_ACCENT_COLOR_NAME = AccentColor;
				CODE_SIGN_STYLE = Automatic;
				CURRENT_PROJECT_VERSION = 1;
				DEVELOPMENT_ASSET_PATHS = "\"Honeymoon/Preview Content\"";
				DEVELOPMENT_TEAM = SDP3XBA545;
				ENABLE_PREVIEWS = YES;
				GENERATE_INFOPLIST_FILE = YES;
				INFOPLIST_KEY_UIApplicationSceneManifest_Generation = YES;
				INFOPLIST_KEY_UIApplicationSupportsIndirectInputEvents = YES;
				INFOPLIST_KEY_UILaunchScreen_Generation = YES;
				INFOPLIST_KEY_UILaunchStoryboardName = LaunchScreen;
				INFOPLIST_KEY_UISupportedInterfaceOrientations_iPad = "UIInterfaceOrientationPortrait UIInterfaceOrientationPortraitUpsideDown UIInterfaceOrientationLandscapeLeft UIInterfaceOrientationLandscapeRight";
				INFOPLIST_KEY_UISupportedInterfaceOrientations_iPhone = "UIInterfaceOrientationPortrait UIInterfaceOrientationLandscapeLeft UIInterfaceOrientationLandscapeRight";
				LD_RUNPATH_SEARCH_PATHS = (
					"$(inherited)",
					"@executable_path/Frameworks",
				);
				MARKETING_VERSION = 1.0;
				PRODUCT_BUNDLE_IDENTIFIER = test.swiftui.Honeymoon;
				PRODUCT_NAME = "$(TARGET_NAME)";
				SWIFT_EMIT_LOC_STRINGS = YES;
				SWIFT_VERSION = 5.0;
				TARGETED_DEVICE_FAMILY = "1,2";
			};
			name = Debug;
		};
		47AFAA64278D95E600605CC9 /* Release */ = {
			isa = XCBuildConfiguration;
			buildSettings = {
				ASSETCATALOG_COMPILER_APPICON_NAME = AppIcon;
				ASSETCATALOG_COMPILER_GLOBAL_ACCENT_COLOR_NAME = AccentColor;
				CODE_SIGN_STYLE = Automatic;
				CURRENT_PROJECT_VERSION = 1;
				DEVELOPMENT_ASSET_PATHS = "\"Honeymoon/Preview Content\"";
				DEVELOPMENT_TEAM = SDP3XBA545;
				ENABLE_PREVIEWS = YES;
				GENERATE_INFOPLIST_FILE = YES;
				INFOPLIST_KEY_UIApplicationSceneManifest_Generation = YES;
				INFOPLIST_KEY_UIApplicationSupportsIndirectInputEvents = YES;
				INFOPLIST_KEY_UILaunchScreen_Generation = YES;
				INFOPLIST_KEY_UILaunchStoryboardName = LaunchScreen;
				INFOPLIST_KEY_UISupportedInterfaceOrientations_iPad = "UIInterfaceOrientationPortrait UIInterfaceOrientationPortraitUpsideDown UIInterfaceOrientationLandscapeLeft UIInterfaceOrientationLandscapeRight";
				INFOPLIST_KEY_UISupportedInterfaceOrientations_iPhone = "UIInterfaceOrientationPortrait UIInterfaceOrientationLandscapeLeft UIInterfaceOrientationLandscapeRight";
				LD_RUNPATH_SEARCH_PATHS = (
					"$(inherited)",
					"@executable_path/Frameworks",
				);
				MARKETING_VERSION = 1.0;
				PRODUCT_BUNDLE_IDENTIFIER = test.swiftui.Honeymoon;
				PRODUCT_NAME = "$(TARGET_NAME)";
				SWIFT_EMIT_LOC_STRINGS = YES;
				SWIFT_VERSION = 5.0;
				TARGETED_DEVICE_FAMILY = "1,2";
			};
			name = Release;
		};
/* End XCBuildConfiguration section */

/* Begin XCConfigurationList section */
		47AFAA4F278D95E500605CC9 /* Build configuration list for PBXProject "Honeymoon" */ = {
			isa = XCConfigurationList;
			buildConfigurations = (
				47AFAA60278D95E600605CC9 /* Debug */,
				47AFAA61278D95E600605CC9 /* Release */,
			);
			defaultConfigurationIsVisible = 0;
			defaultConfigurationName = Release;
		};
		47AFAA62278D95E600605CC9 /* Build configuration list for PBXNativeTarget "Honeymoon" */ = {
			isa = XCConfigurationList;
			buildConfigurations = (
				47AFAA63278D95E600605CC9 /* Debug */,
				47AFAA64278D95E600605CC9 /* Release */,
			);
			defaultConfigurationIsVisible = 0;
			defaultConfigurationName = Release;
		};
/* End XCConfigurationList section */
	};
	rootObject = 47AFAA4C278D95E500605CC9 /* Project object */;
}
